
Microsoft Visual Studio Solution File, Format Version 12.00
# Visual Studio Version 17
VisualStudioVersion = 17.13.35919.96
MinimumVisualStudioVersion = 10.0.40219.1
Project("{FAE04EC0-301F-11D3-BF4B-00C04F79EFBC}") = "ManejoPresupuesto", "ManejoPresupuesto\ManejoPresupuesto.csproj", "{7922CB3E-41F1-476D-B553-99EED1462957}"
EndProject
Project("{00D1A9C2-B5F0-4AF3-8072-F6C62B433612}") = "DB", "DB\DB.sqlproj", "{DE8477EB-AF8E-4197-B31E-CE67C2240359}"
EndProject
Global
	GlobalSection(SolutionConfigurationPlatforms) = preSolution
		Debug|Any CPU = Debug|Any CPU
		Release|Any CPU = Release|Any CPU
	EndGlobalSection
	GlobalSection(ProjectConfigurationPlatforms) = postSolution
		{7922CB3E-41F1-476D-B553-99EED1462957}.Debug|Any CPU.ActiveCfg = Debug|Any CPU
		{7922CB3E-41F1-476D-B553-99EED1462957}.Debug|Any CPU.Build.0 = Debug|Any CPU
		{7922CB3E-41F1-476D-B553-99EED1462957}.Release|Any CPU.ActiveCfg = Release|Any CPU
		{7922CB3E-41F1-476D-B553-99EED1462957}.Release|Any CPU.Build.0 = Release|Any CPU
		{DE8477EB-AF8E-4197-B31E-CE67C2240359}.Debug|Any CPU.ActiveCfg = Debug|Any CPU
		{DE8477EB-AF8E-4197-B31E-CE67C2240359}.Debug|Any CPU.Build.0 = Debug|Any CPU
		{DE8477EB-AF8E-4197-B31E-CE67C2240359}.Debug|Any CPU.Deploy.0 = Debug|Any CPU
		{DE8477EB-AF8E-4197-B31E-CE67C2240359}.Release|Any CPU.ActiveCfg = Release|Any CPU
		{DE8477EB-AF8E-4197-B31E-CE67C2240359}.Release|Any CPU.Build.0 = Release|Any CPU
		{DE8477EB-AF8E-4197-B31E-CE67C2240359}.Release|Any CPU.Deploy.0 = Release|Any CPU
	EndGlobalSection
	GlobalSection(SolutionProperties) = preSolution
		HideSolutionNode = FALSE
	EndGlobalSection
	GlobalSection(ExtensibilityGlobals) = postSolution
		SolutionGuid = {199A5F13-14CF-45DD-8537-574AD94E8535}
	EndGlobalSection
EndGlobal
